
Microsoft Visual Studio Solution File, Format Version 12.00
# Visual Studio 15
VisualStudioVersion = 15.0.26124.0
MinimumVisualStudioVersion = 15.0.26124.0
Project("{FAE04EC0-301F-11D3-BF4B-00C04F79EFBC}") = "UNetCore.Helper.DB", "UNetCore.Helper.DB\UNetCore.Helper.DB.csproj", "{1F5B21F0-6E39-49F7-A633-3746218DF9C5}"
EndProject
Project("{FAE04EC0-301F-11D3-BF4B-00C04F79EFBC}") = "UNetCore.Test", "UNetCore.Test\UNetCore.Test.csproj", "{292FB09E-7CB1-4633-9611-091230AA7917}"
EndProject
Project("{FAE04EC0-301F-11D3-BF4B-00C04F79EFBC}") = "UNetCore.Extension", "UNetCore.Extension\UNetCore.Extension.csproj", "{33A6B0A7-87BA-4BA2-9D94-CE6DE1B36979}"
EndProject
Project("{FAE04EC0-301F-11D3-BF4B-00C04F79EFBC}") = "UNetCore.Helper.Http", "UNetCore.Helper.Http\UNetCore.Helper.Http.csproj", "{DFA2D8AB-7DD0-4527-95ED-30A447CAD04A}"
EndProject
Project("{FAE04EC0-301F-11D3-BF4B-00C04F79EFBC}") = "UNetCore.Helper.File", "UNetCore.Helper.File\UNetCore.Helper.File.csproj", "{B21FCB3F-C19C-4FC9-8950-4EBC6E27206C}"
EndProject
Project("{FAE04EC0-301F-11D3-BF4B-00C04F79EFBC}") = "UNetCore.Helper.Cache", "UNetCore.Helper.Cache\UNetCore.Helper.Cache.csproj", "{4AEB3F90-D330-4859-BB7E-5EF1B4B6E278}"
EndProject
Project("{FAE04EC0-301F-11D3-BF4B-00C04F79EFBC}") = "UNetCore.Helper.FTP", "UNetCore.Helper.FTP\UNetCore.Helper.FTP.csproj", "{34B82730-C3F5-4C5F-9DEC-352E85024A0C}"
EndProject
Project("{FAE04EC0-301F-11D3-BF4B-00C04F79EFBC}") = "UNetCore.Helper.Image", "UNetCore.Helper.Image\UNetCore.Helper.Image.csproj", "{03B5C6EC-ABBF-4689-BBF1-FA9B48695AD9}"
EndProject
Project("{FAE04EC0-301F-11D3-BF4B-00C04F79EFBC}") = "UNetCore.Helper.Json", "UNetCore.Helper.Json\UNetCore.Helper.Json.csproj", "{61DE9748-DD79-4D19-B4C5-403F93641DBC}"
EndProject
Project("{FAE04EC0-301F-11D3-BF4B-00C04F79EFBC}") = "UNetCore.Helper.Office", "UNetCore.Helper.Office\UNetCore.Helper.Office.csproj", "{2BE57FBB-12E1-449F-8C33-8CED5A21B404}"
EndProject
Project("{FAE04EC0-301F-11D3-BF4B-00C04F79EFBC}") = "UNetCore.AOP", "UNetCore.AOP\UNetCore.AOP.csproj", "{695269BE-5E1A-44C5-95F8-1A3D3B967DAB}"
EndProject
Project("{FAE04EC0-301F-11D3-BF4B-00C04F79EFBC}") = "UNetCore.Utils", "UNetCore.Utils\UNetCore.Utils.csproj", "{6A917874-D77E-487B-8A73-B73D3B22E602}"
EndProject
Global
	GlobalSection(SolutionConfigurationPlatforms) = preSolution
		Debug|Any CPU = Debug|Any CPU
		Debug|x64 = Debug|x64
		Debug|x86 = Debug|x86
		Release|Any CPU = Release|Any CPU
		Release|x64 = Release|x64
		Release|x86 = Release|x86
	EndGlobalSection
	GlobalSection(SolutionProperties) = preSolution
		HideSolutionNode = FALSE
	EndGlobalSection
	GlobalSection(ProjectConfigurationPlatforms) = postSolution
		{1F5B21F0-6E39-49F7-A633-3746218DF9C5}.Debug|Any CPU.ActiveCfg = Debug|Any CPU
		{1F5B21F0-6E39-49F7-A633-3746218DF9C5}.Debug|Any CPU.Build.0 = Debug|Any CPU
		{1F5B21F0-6E39-49F7-A633-3746218DF9C5}.Debug|x64.ActiveCfg = Debug|Any CPU
		{1F5B21F0-6E39-49F7-A633-3746218DF9C5}.Debug|x64.Build.0 = Debug|Any CPU
		{1F5B21F0-6E39-49F7-A633-3746218DF9C5}.Debug|x86.ActiveCfg = Debug|Any CPU
		{1F5B21F0-6E39-49F7-A633-3746218DF9C5}.Debug|x86.Build.0 = Debug|Any CPU
		{1F5B21F0-6E39-49F7-A633-3746218DF9C5}.Release|Any CPU.ActiveCfg = Release|Any CPU
		{1F5B21F0-6E39-49F7-A633-3746218DF9C5}.Release|Any CPU.Build.0 = Release|Any CPU
		{1F5B21F0-6E39-49F7-A633-3746218DF9C5}.Release|x64.ActiveCfg = Release|Any CPU
		{1F5B21F0-6E39-49F7-A633-3746218DF9C5}.Release|x64.Build.0 = Release|Any CPU
		{1F5B21F0-6E39-49F7-A633-3746218DF9C5}.Release|x86.ActiveCfg = Release|Any CPU
		{1F5B21F0-6E39-49F7-A633-3746218DF9C5}.Release|x86.Build.0 = Release|Any CPU
		{292FB09E-7CB1-4633-9611-091230AA7917}.Debug|Any CPU.ActiveCfg = Debug|Any CPU
		{292FB09E-7CB1-4633-9611-091230AA7917}.Debug|Any CPU.Build.0 = Debug|Any CPU
		{292FB09E-7CB1-4633-9611-091230AA7917}.Debug|x64.ActiveCfg = Debug|Any CPU
		{292FB09E-7CB1-4633-9611-091230AA7917}.Debug|x64.Build.0 = Debug|Any CPU
		{292FB09E-7CB1-4633-9611-091230AA7917}.Debug|x86.ActiveCfg = Debug|Any CPU
		{292FB09E-7CB1-4633-9611-091230AA7917}.Debug|x86.Build.0 = Debug|Any CPU
		{292FB09E-7CB1-4633-9611-091230AA7917}.Release|Any CPU.ActiveCfg = Release|Any CPU
		{292FB09E-7CB1-4633-9611-091230AA7917}.Release|Any CPU.Build.0 = Release|Any CPU
		{292FB09E-7CB1-4633-9611-091230AA7917}.Release|x64.ActiveCfg = Release|Any CPU
		{292FB09E-7CB1-4633-9611-091230AA7917}.Release|x64.Build.0 = Release|Any CPU
		{292FB09E-7CB1-4633-9611-091230AA7917}.Release|x86.ActiveCfg = Release|Any CPU
		{292FB09E-7CB1-4633-9611-091230AA7917}.Release|x86.Build.0 = Release|Any CPU
		{33A6B0A7-87BA-4BA2-9D94-CE6DE1B36979}.Debug|Any CPU.ActiveCfg = Debug|Any CPU
		{33A6B0A7-87BA-4BA2-9D94-CE6DE1B36979}.Debug|Any CPU.Build.0 = Debug|Any CPU
		{33A6B0A7-87BA-4BA2-9D94-CE6DE1B36979}.Debug|x64.ActiveCfg = Debug|Any CPU
		{33A6B0A7-87BA-4BA2-9D94-CE6DE1B36979}.Debug|x64.Build.0 = Debug|Any CPU
		{33A6B0A7-87BA-4BA2-9D94-CE6DE1B36979}.Debug|x86.ActiveCfg = Debug|Any CPU
		{33A6B0A7-87BA-4BA2-9D94-CE6DE1B36979}.Debug|x86.Build.0 = Debug|Any CPU
		{33A6B0A7-87BA-4BA2-9D94-CE6DE1B36979}.Release|Any CPU.ActiveCfg = Release|Any CPU
		{33A6B0A7-87BA-4BA2-9D94-CE6DE1B36979}.Release|Any CPU.Build.0 = Release|Any CPU
		{33A6B0A7-87BA-4BA2-9D94-CE6DE1B36979}.Release|x64.ActiveCfg = Release|Any CPU
		{33A6B0A7-87BA-4BA2-9D94-CE6DE1B36979}.Release|x64.Build.0 = Release|Any CPU
		{33A6B0A7-87BA-4BA2-9D94-CE6DE1B36979}.Release|x86.ActiveCfg = Release|Any CPU
		{33A6B0A7-87BA-4BA2-9D94-CE6DE1B36979}.Release|x86.Build.0 = Release|Any CPU
		{DFA2D8AB-7DD0-4527-95ED-30A447CAD04A}.Debug|Any CPU.ActiveCfg = Debug|Any CPU
		{DFA2D8AB-7DD0-4527-95ED-30A447CAD04A}.Debug|Any CPU.Build.0 = Debug|Any CPU
		{DFA2D8AB-7DD0-4527-95ED-30A447CAD04A}.Debug|x64.ActiveCfg = Debug|Any CPU
		{DFA2D8AB-7DD0-4527-95ED-30A447CAD04A}.Debug|x64.Build.0 = Debug|Any CPU
		{DFA2D8AB-7DD0-4527-95ED-30A447CAD04A}.Debug|x86.ActiveCfg = Debug|Any CPU
		{DFA2D8AB-7DD0-4527-95ED-30A447CAD04A}.Debug|x86.Build.0 = Debug|Any CPU
		{DFA2D8AB-7DD0-4527-95ED-30A447CAD04A}.Release|Any CPU.ActiveCfg = Release|Any CPU
		{DFA2D8AB-7DD0-4527-95ED-30A447CAD04A}.Release|Any CPU.Build.0 = Release|Any CPU
		{DFA2D8AB-7DD0-4527-95ED-30A447CAD04A}.Release|x64.ActiveCfg = Release|Any CPU
		{DFA2D8AB-7DD0-4527-95ED-30A447CAD04A}.Release|x64.Build.0 = Release|Any CPU
		{DFA2D8AB-7DD0-4527-95ED-30A447CAD04A}.Release|x86.ActiveCfg = Release|Any CPU
		{DFA2D8AB-7DD0-4527-95ED-30A447CAD04A}.Release|x86.Build.0 = Release|Any CPU
		{B21FCB3F-C19C-4FC9-8950-4EBC6E27206C}.Debug|Any CPU.ActiveCfg = Debug|Any CPU
		{B21FCB3F-C19C-4FC9-8950-4EBC6E27206C}.Debug|Any CPU.Build.0 = Debug|Any CPU
		{B21FCB3F-C19C-4FC9-8950-4EBC6E27206C}.Debug|x64.ActiveCfg = Debug|Any CPU
		{B21FCB3F-C19C-4FC9-8950-4EBC6E27206C}.Debug|x64.Build.0 = Debug|Any CPU
		{B21FCB3F-C19C-4FC9-8950-4EBC6E27206C}.Debug|x86.ActiveCfg = Debug|Any CPU
		{B21FCB3F-C19C-4FC9-8950-4EBC6E27206C}.Debug|x86.Build.0 = Debug|Any CPU
		{B21FCB3F-C19C-4FC9-8950-4EBC6E27206C}.Release|Any CPU.ActiveCfg = Release|Any CPU
		{B21FCB3F-C19C-4FC9-8950-4EBC6E27206C}.Release|Any CPU.Build.0 = Release|Any CPU
		{B21FCB3F-C19C-4FC9-8950-4EBC6E27206C}.Release|x64.ActiveCfg = Release|Any CPU
		{B21FCB3F-C19C-4FC9-8950-4EBC6E27206C}.Release|x64.Build.0 = Release|Any CPU
		{B21FCB3F-C19C-4FC9-8950-4EBC6E27206C}.Release|x86.ActiveCfg = Release|Any CPU
		{B21FCB3F-C19C-4FC9-8950-4EBC6E27206C}.Release|x86.Build.0 = Release|Any CPU
		{4AEB3F90-D330-4859-BB7E-5EF1B4B6E278}.Debug|Any CPU.ActiveCfg = Debug|Any CPU
		{4AEB3F90-D330-4859-BB7E-5EF1B4B6E278}.Debug|Any CPU.Build.0 = Debug|Any CPU
		{4AEB3F90-D330-4859-BB7E-5EF1B4B6E278}.Debug|x64.ActiveCfg = Debug|Any CPU
		{4AEB3F90-D330-4859-BB7E-5EF1B4B6E278}.Debug|x64.Build.0 = Debug|Any CPU
		{4AEB3F90-D330-4859-BB7E-5EF1B4B6E278}.Debug|x86.ActiveCfg = Debug|Any CPU
		{4AEB3F90-D330-4859-BB7E-5EF1B4B6E278}.Debug|x86.Build.0 = Debug|Any CPU
		{4AEB3F90-D330-4859-BB7E-5EF1B4B6E278}.Release|Any CPU.ActiveCfg = Release|Any CPU
		{4AEB3F90-D330-4859-BB7E-5EF1B4B6E278}.Release|Any CPU.Build.0 = Release|Any CPU
		{4AEB3F90-D330-4859-BB7E-5EF1B4B6E278}.Release|x64.ActiveCfg = Release|Any CPU
		{4AEB3F90-D330-4859-BB7E-5EF1B4B6E278}.Release|x64.Build.0 = Release|Any CPU
		{4AEB3F90-D330-4859-BB7E-5EF1B4B6E278}.Release|x86.ActiveCfg = Release|Any CPU
		{4AEB3F90-D330-4859-BB7E-5EF1B4B6E278}.Release|x86.Build.0 = Release|Any CPU
		{34B82730-C3F5-4C5F-9DEC-352E85024A0C}.Debug|Any CPU.ActiveCfg = Debug|Any CPU
		{34B82730-C3F5-4C5F-9DEC-352E85024A0C}.Debug|Any CPU.Build.0 = Debug|Any CPU
		{34B82730-C3F5-4C5F-9DEC-352E85024A0C}.Debug|x64.ActiveCfg = Debug|Any CPU
		{34B82730-C3F5-4C5F-9DEC-352E85024A0C}.Debug|x64.Build.0 = Debug|Any CPU
		{34B82730-C3F5-4C5F-9DEC-352E85024A0C}.Debug|x86.ActiveCfg = Debug|Any CPU
		{34B82730-C3F5-4C5F-9DEC-352E85024A0C}.Debug|x86.Build.0 = Debug|Any CPU
		{34B82730-C3F5-4C5F-9DEC-352E85024A0C}.Release|Any CPU.ActiveCfg = Release|Any CPU
		{34B82730-C3F5-4C5F-9DEC-352E85024A0C}.Release|Any CPU.Build.0 = Release|Any CPU
		{34B82730-C3F5-4C5F-9DEC-352E85024A0C}.Release|x64.ActiveCfg = Release|Any CPU
		{34B82730-C3F5-4C5F-9DEC-352E85024A0C}.Release|x64.Build.0 = Release|Any CPU
		{34B82730-C3F5-4C5F-9DEC-352E85024A0C}.Release|x86.ActiveCfg = Release|Any CPU
		{34B82730-C3F5-4C5F-9DEC-352E85024A0C}.Release|x86.Build.0 = Release|Any CPU
		{03B5C6EC-ABBF-4689-BBF1-FA9B48695AD9}.Debug|Any CPU.ActiveCfg = Debug|Any CPU
		{03B5C6EC-ABBF-4689-BBF1-FA9B48695AD9}.Debug|Any CPU.Build.0 = Debug|Any CPU
		{03B5C6EC-ABBF-4689-BBF1-FA9B48695AD9}.Debug|x64.ActiveCfg = Debug|Any CPU
		{03B5C6EC-ABBF-4689-BBF1-FA9B48695AD9}.Debug|x64.Build.0 = Debug|Any CPU
		{03B5C6EC-ABBF-4689-BBF1-FA9B48695AD9}.Debug|x86.ActiveCfg = Debug|Any CPU
		{03B5C6EC-ABBF-4689-BBF1-FA9B48695AD9}.Debug|x86.Build.0 = Debug|Any CPU
		{03B5C6EC-ABBF-4689-BBF1-FA9B48695AD9}.Release|Any CPU.ActiveCfg = Release|Any CPU
		{03B5C6EC-ABBF-4689-BBF1-FA9B48695AD9}.Release|Any CPU.Build.0 = Release|Any CPU
		{03B5C6EC-ABBF-4689-BBF1-FA9B48695AD9}.Release|x64.ActiveCfg = Release|Any CPU
		{03B5C6EC-ABBF-4689-BBF1-FA9B48695AD9}.Release|x64.Build.0 = Release|Any CPU
		{03B5C6EC-ABBF-4689-BBF1-FA9B48695AD9}.Release|x86.ActiveCfg = Release|Any CPU
		{03B5C6EC-ABBF-4689-BBF1-FA9B48695AD9}.Release|x86.Build.0 = Release|Any CPU
		{61DE9748-DD79-4D19-B4C5-403F93641DBC}.Debug|Any CPU.ActiveCfg = Debug|Any CPU
		{61DE9748-DD79-4D19-B4C5-403F93641DBC}.Debug|Any CPU.Build.0 = Debug|Any CPU
		{61DE9748-DD79-4D19-B4C5-403F93641DBC}.Debug|x64.ActiveCfg = Debug|Any CPU
		{61DE9748-DD79-4D19-B4C5-403F93641DBC}.Debug|x64.Build.0 = Debug|Any CPU
		{61DE9748-DD79-4D19-B4C5-403F93641DBC}.Debug|x86.ActiveCfg = Debug|Any CPU
		{61DE9748-DD79-4D19-B4C5-403F93641DBC}.Debug|x86.Build.0 = Debug|Any CPU
		{61DE9748-DD79-4D19-B4C5-403F93641DBC}.Release|Any CPU.ActiveCfg = Release|Any CPU
		{61DE9748-DD79-4D19-B4C5-403F93641DBC}.Release|Any CPU.Build.0 = Release|Any CPU
		{61DE9748-DD79-4D19-B4C5-403F93641DBC}.Release|x64.ActiveCfg = Release|Any CPU
		{61DE9748-DD79-4D19-B4C5-403F93641DBC}.Release|x64.Build.0 = Release|Any CPU
		{61DE9748-DD79-4D19-B4C5-403F93641DBC}.Release|x86.ActiveCfg = Release|Any CPU
		{61DE9748-DD79-4D19-B4C5-403F93641DBC}.Release|x86.Build.0 = Release|Any CPU
		{2BE57FBB-12E1-449F-8C33-8CED5A21B404}.Debug|Any CPU.ActiveCfg = Debug|Any CPU
		{2BE57FBB-12E1-449F-8C33-8CED5A21B404}.Debug|Any CPU.Build.0 = Debug|Any CPU
		{2BE57FBB-12E1-449F-8C33-8CED5A21B404}.Debug|x64.ActiveCfg = Debug|Any CPU
		{2BE57FBB-12E1-449F-8C33-8CED5A21B404}.Debug|x64.Build.0 = Debug|Any CPU
		{2BE57FBB-12E1-449F-8C33-8CED5A21B404}.Debug|x86.ActiveCfg = Debug|Any CPU
		{2BE57FBB-12E1-449F-8C33-8CED5A21B404}.Debug|x86.Build.0 = Debug|Any CPU
		{2BE57FBB-12E1-449F-8C33-8CED5A21B404}.Release|Any CPU.ActiveCfg = Release|Any CPU
		{2BE57FBB-12E1-449F-8C33-8CED5A21B404}.Release|Any CPU.Build.0 = Release|Any CPU
		{2BE57FBB-12E1-449F-8C33-8CED5A21B404}.Release|x64.ActiveCfg = Release|Any CPU
		{2BE57FBB-12E1-449F-8C33-8CED5A21B404}.Release|x64.Build.0 = Release|Any CPU
		{2BE57FBB-12E1-449F-8C33-8CED5A21B404}.Release|x86.ActiveCfg = Release|Any CPU
		{2BE57FBB-12E1-449F-8C33-8CED5A21B404}.Release|x86.Build.0 = Release|Any CPU
		{695269BE-5E1A-44C5-95F8-1A3D3B967DAB}.Debug|Any CPU.ActiveCfg = Debug|Any CPU
		{695269BE-5E1A-44C5-95F8-1A3D3B967DAB}.Debug|Any CPU.Build.0 = Debug|Any CPU
		{695269BE-5E1A-44C5-95F8-1A3D3B967DAB}.Debug|x64.ActiveCfg = Debug|Any CPU
		{695269BE-5E1A-44C5-95F8-1A3D3B967DAB}.Debug|x64.Build.0 = Debug|Any CPU
		{695269BE-5E1A-44C5-95F8-1A3D3B967DAB}.Debug|x86.ActiveCfg = Debug|Any CPU
		{695269BE-5E1A-44C5-95F8-1A3D3B967DAB}.Debug|x86.Build.0 = Debug|Any CPU
		{695269BE-5E1A-44C5-95F8-1A3D3B967DAB}.Release|Any CPU.ActiveCfg = Release|Any CPU
		{695269BE-5E1A-44C5-95F8-1A3D3B967DAB}.Release|Any CPU.Build.0 = Release|Any CPU
		{695269BE-5E1A-44C5-95F8-1A3D3B967DAB}.Release|x64.ActiveCfg = Release|Any CPU
		{695269BE-5E1A-44C5-95F8-1A3D3B967DAB}.Release|x64.Build.0 = Release|Any CPU
		{695269BE-5E1A-44C5-95F8-1A3D3B967DAB}.Release|x86.ActiveCfg = Release|Any CPU
		{695269BE-5E1A-44C5-95F8-1A3D3B967DAB}.Release|x86.Build.0 = Release|Any CPU
		{6A917874-D77E-487B-8A73-B73D3B22E602}.Debug|Any CPU.ActiveCfg = Debug|Any CPU
		{6A917874-D77E-487B-8A73-B73D3B22E602}.Debug|Any CPU.Build.0 = Debug|Any CPU
		{6A917874-D77E-487B-8A73-B73D3B22E602}.Debug|x64.ActiveCfg = Debug|Any CPU
		{6A917874-D77E-487B-8A73-B73D3B22E602}.Debug|x64.Build.0 = Debug|Any CPU
		{6A917874-D77E-487B-8A73-B73D3B22E602}.Debug|x86.ActiveCfg = Debug|Any CPU
		{6A917874-D77E-487B-8A73-B73D3B22E602}.Debug|x86.Build.0 = Debug|Any CPU
		{6A917874-D77E-487B-8A73-B73D3B22E602}.Release|Any CPU.ActiveCfg = Release|Any CPU
		{6A917874-D77E-487B-8A73-B73D3B22E602}.Release|Any CPU.Build.0 = Release|Any CPU
		{6A917874-D77E-487B-8A73-B73D3B22E602}.Release|x64.ActiveCfg = Release|Any CPU
		{6A917874-D77E-487B-8A73-B73D3B22E602}.Release|x64.Build.0 = Release|Any CPU
		{6A917874-D77E-487B-8A73-B73D3B22E602}.Release|x86.ActiveCfg = Release|Any CPU
		{6A917874-D77E-487B-8A73-B73D3B22E602}.Release|x86.Build.0 = Release|Any CPU
	EndGlobalSection
EndGlobal
